
Microsoft Visual Studio Solution File, Format Version 12.00
Project("{FAE04EC0-301F-11D3-BF4B-00C04F79EFBC}") = "AdventOfCode", "AdventOfCode\AdventOfCode.csproj", "{7D5863DB-12A2-4725-B193-C97ADB0B1B1E}"
EndProject
Project("{FAE04EC0-301F-11D3-BF4B-00C04F79EFBC}") = "Infrastructure", "Infrastructure\Infrastructure.csproj", "{B7EFFDE7-CA02-46A0-8109-9E20C5ECBF23}"
EndProject
Project("{2150E333-8FDC-42A3-9474-1A3956D46DE8}") = "Repo", "Repo", "{65BDDB8C-B77F-4540-9613-6C204842980B}"
	ProjectSection(SolutionItems) = preProject
		..\.gitignore = ..\.gitignore
		..\README.md = ..\README.md
		..\LICENSE = ..\LICENSE
	EndProjectSection
EndProject
Global
	GlobalSection(SolutionConfigurationPlatforms) = preSolution
		Debug|Any CPU = Debug|Any CPU
		Release|Any CPU = Release|Any CPU
	EndGlobalSection
	GlobalSection(ProjectConfigurationPlatforms) = postSolution
		{7D5863DB-12A2-4725-B193-C97ADB0B1B1E}.Debug|Any CPU.ActiveCfg = Debug|Any CPU
		{7D5863DB-12A2-4725-B193-C97ADB0B1B1E}.Debug|Any CPU.Build.0 = Debug|Any CPU
		{7D5863DB-12A2-4725-B193-C97ADB0B1B1E}.Release|Any CPU.ActiveCfg = Release|Any CPU
		{7D5863DB-12A2-4725-B193-C97ADB0B1B1E}.Release|Any CPU.Build.0 = Release|Any CPU
		{B7EFFDE7-CA02-46A0-8109-9E20C5ECBF23}.Debug|Any CPU.ActiveCfg = Debug|Any CPU
		{B7EFFDE7-CA02-46A0-8109-9E20C5ECBF23}.Debug|Any CPU.Build.0 = Debug|Any CPU
		{B7EFFDE7-CA02-46A0-8109-9E20C5ECBF23}.Release|Any CPU.ActiveCfg = Release|Any CPU
		{B7EFFDE7-CA02-46A0-8109-9E20C5ECBF23}.Release|Any CPU.Build.0 = Release|Any CPU
	EndGlobalSection
EndGlobal
